
Microsoft Visual Studio Solution File, Format Version 12.00
# Visual Studio Version 17
VisualStudioVersion = 17.10.34928.147
MinimumVisualStudioVersion = 10.0.40219.1
Project("{9A19103F-16F7-4668-BE54-9A1E7A4F7556}") = "InheritanceExample", "InheritanceExample\InheritanceExample.csproj", "{C16583CD-4BA9-4F88-AD41-710F1B2FA400}"
EndProject
Project("{9A19103F-16F7-4668-BE54-9A1E7A4F7556}") = "EFC-Session3", "EFC-Session3\EFC-Session3.csproj", "{3BBC750A-773E-4D3B-BFF1-24206130FB95}"
EndProject
Project("{FAE04EC0-301F-11D3-BF4B-00C04F79EFBC}") = "DBFirst", "DBFirst\DBFirst.csproj", "{10C8734A-D43F-4E09-B454-5572C5A1C723}"
EndProject
Global
	GlobalSection(SolutionConfigurationPlatforms) = preSolution
		Debug|Any CPU = Debug|Any CPU
		Release|Any CPU = Release|Any CPU
	EndGlobalSection
	GlobalSection(ProjectConfigurationPlatforms) = postSolution
		{C16583CD-4BA9-4F88-AD41-710F1B2FA400}.Debug|Any CPU.ActiveCfg = Debug|Any CPU
		{C16583CD-4BA9-4F88-AD41-710F1B2FA400}.Debug|Any CPU.Build.0 = Debug|Any CPU
		{C16583CD-4BA9-4F88-AD41-710F1B2FA400}.Release|Any CPU.ActiveCfg = Release|Any CPU
		{C16583CD-4BA9-4F88-AD41-710F1B2FA400}.Release|Any CPU.Build.0 = Release|Any CPU
		{3BBC750A-773E-4D3B-BFF1-24206130FB95}.Debug|Any CPU.ActiveCfg = Debug|Any CPU
		{3BBC750A-773E-4D3B-BFF1-24206130FB95}.Debug|Any CPU.Build.0 = Debug|Any CPU
		{3BBC750A-773E-4D3B-BFF1-24206130FB95}.Release|Any CPU.ActiveCfg = Release|Any CPU
		{3BBC750A-773E-4D3B-BFF1-24206130FB95}.Release|Any CPU.Build.0 = Release|Any CPU
		{10C8734A-D43F-4E09-B454-5572C5A1C723}.Debug|Any CPU.ActiveCfg = Debug|Any CPU
		{10C8734A-D43F-4E09-B454-5572C5A1C723}.Debug|Any CPU.Build.0 = Debug|Any CPU
		{10C8734A-D43F-4E09-B454-5572C5A1C723}.Release|Any CPU.ActiveCfg = Release|Any CPU
		{10C8734A-D43F-4E09-B454-5572C5A1C723}.Release|Any CPU.Build.0 = Release|Any CPU
	EndGlobalSection
	GlobalSection(SolutionProperties) = preSolution
		HideSolutionNode = FALSE
	EndGlobalSection
	GlobalSection(ExtensibilityGlobals) = postSolution
		SolutionGuid = {A05203CA-8832-46D8-940C-A1F2B3287E96}
	EndGlobalSection
EndGlobal
